# This file is autogenerated, do not edit; changes may be undone by the next 'dep ensure'.


[[projects]]
  branch = "master"
  name = "github.com/elazarl/goproxy"
  packages = ["."]
  revision = "a96fa3a318260eab29abaf32f7128c9eb07fb073"

[solve-meta]
  analyzer-name = "dep"
  analyzer-version = 1
  inputs-digest = "3f080dfb1dcef5f38c1e85a25ed1ef652f8b6ed4c9a03156358f805bc26303d9"
  solver-name = "gps-cdcl"
  solver-version = 1
